
Microsoft Visual Studio Solution File, Format Version 12.00
# Visual Studio Version 17
VisualStudioVersion = 17.14.36804.6
MinimumVisualStudioVersion = 10.0.40219.1
Project("{FAE04EC0-301F-11D3-BF4B-00C04F79EFBC}") = "CommandService", "CommandService\CommandService.csproj", "{082D37A3-496C-41F7-94FC-37705DCA375A}"
EndProject
Global
	GlobalSection(SolutionConfigurationPlatforms) = preSolution
		Debug|Any CPU = Debug|Any CPU
		Release|Any CPU = Release|Any CPU
	EndGlobalSection
	GlobalSection(ProjectConfigurationPlatforms) = postSolution
		{082D37A3-496C-41F7-94FC-37705DCA375A}.Debug|Any CPU.ActiveCfg = Debug|Any CPU
		{082D37A3-496C-41F7-94FC-37705DCA375A}.Debug|Any CPU.Build.0 = Debug|Any CPU
		{082D37A3-496C-41F7-94FC-37705DCA375A}.Release|Any CPU.ActiveCfg = Release|Any CPU
		{082D37A3-496C-41F7-94FC-37705DCA375A}.Release|Any CPU.Build.0 = Release|Any CPU
	EndGlobalSection
	GlobalSection(SolutionProperties) = preSolution
		HideSolutionNode = FALSE
	EndGlobalSection
	GlobalSection(ExtensibilityGlobals) = postSolution
		SolutionGuid = {2A48D466-9449-46D6-B023-3DDE9ACA73BD}
	EndGlobalSection
EndGlobal
